
Microsoft Visual Studio Solution File, Format Version 12.00
# Visual Studio Version 17
VisualStudioVersion = 17.5.33502.453
MinimumVisualStudioVersion = 10.0.40219.1
Project("{FAE04EC0-301F-11D3-BF4B-00C04F79EFBC}") = "csharp-functions", "csharp-functions\csharp-functions.csproj", "{89E22F85-9251-4E8F-B055-E87A1814E11D}"
EndProject
Global
	GlobalSection(SolutionConfigurationPlatforms) = preSolution
		Debug|Any CPU = Debug|Any CPU
		Release|Any CPU = Release|Any CPU
	EndGlobalSection
	GlobalSection(ProjectConfigurationPlatforms) = postSolution
		{89E22F85-9251-4E8F-B055-E87A1814E11D}.Debug|Any CPU.ActiveCfg = Debug|Any CPU
		{89E22F85-9251-4E8F-B055-E87A1814E11D}.Debug|Any CPU.Build.0 = Debug|Any CPU
		{89E22F85-9251-4E8F-B055-E87A1814E11D}.Release|Any CPU.ActiveCfg = Release|Any CPU
		{89E22F85-9251-4E8F-B055-E87A1814E11D}.Release|Any CPU.Build.0 = Release|Any CPU
	EndGlobalSection
	GlobalSection(SolutionProperties) = preSolution
		HideSolutionNode = FALSE
	EndGlobalSection
	GlobalSection(ExtensibilityGlobals) = postSolution
		SolutionGuid = {E575142A-FB3D-4160-89FD-90DD49F0EB94}
	EndGlobalSection
EndGlobal
